
Microsoft Visual Studio Solution File, Format Version 12.00
# Visual Studio 14
VisualStudioVersion = 14.0.23107.0
MinimumVisualStudioVersion = 10.0.40219.1
Project("{9092AA53-FB77-4645-B42D-1CCCA6BD08BD}") = "valuator", "valuator.njsproj", "{715A703E-8BCF-4D94-8057-825FBC2A4DF4}"
EndProject
Global
	GlobalSection(SolutionConfigurationPlatforms) = preSolution
		Debug|Any CPU = Debug|Any CPU
		Release|Any CPU = Release|Any CPU
	EndGlobalSection
	GlobalSection(ProjectConfigurationPlatforms) = postSolution
		{715A703E-8BCF-4D94-8057-825FBC2A4DF4}.Debug|Any CPU.ActiveCfg = Debug|Any CPU
		{715A703E-8BCF-4D94-8057-825FBC2A4DF4}.Debug|Any CPU.Build.0 = Debug|Any CPU
		{715A703E-8BCF-4D94-8057-825FBC2A4DF4}.Release|Any CPU.ActiveCfg = Release|Any CPU
		{715A703E-8BCF-4D94-8057-825FBC2A4DF4}.Release|Any CPU.Build.0 = Release|Any CPU
	EndGlobalSection
	GlobalSection(SolutionProperties) = preSolution
		HideSolutionNode = FALSE
	EndGlobalSection
EndGlobal
